
Microsoft Visual Studio Solution File, Format Version 12.00
# Visual Studio Version 17
VisualStudioVersion = 17.10.34928.147
MinimumVisualStudioVersion = 10.0.40219.1
Project("{FAE04EC0-301F-11D3-BF4B-00C04F79EFBC}") = "Program", "Program.csproj", "{20A908F5-1BD7-4286-B5B8-B6843CFBDE59}"
EndProject
Global
	GlobalSection(SolutionConfigurationPlatforms) = preSolution
		Debug|Any CPU = Debug|Any CPU
		Release|Any CPU = Release|Any CPU
	EndGlobalSection
	GlobalSection(ProjectConfigurationPlatforms) = postSolution
		{20A908F5-1BD7-4286-B5B8-B6843CFBDE59}.Debug|Any CPU.ActiveCfg = Debug|Any CPU
		{20A908F5-1BD7-4286-B5B8-B6843CFBDE59}.Debug|Any CPU.Build.0 = Debug|Any CPU
		{20A908F5-1BD7-4286-B5B8-B6843CFBDE59}.Release|Any CPU.ActiveCfg = Release|Any CPU
		{20A908F5-1BD7-4286-B5B8-B6843CFBDE59}.Release|Any CPU.Build.0 = Release|Any CPU
	EndGlobalSection
	GlobalSection(SolutionProperties) = preSolution
		HideSolutionNode = FALSE
	EndGlobalSection
	GlobalSection(ExtensibilityGlobals) = postSolution
		SolutionGuid = {C20091C0-1BBA-4377-918C-85BCE4922ED5}
	EndGlobalSection
EndGlobal
