
Microsoft Visual Studio Solution File, Format Version 12.00
# Visual Studio Version 17
VisualStudioVersion = 17.6.33712.159
MinimumVisualStudioVersion = 10.0.40219.1
Project("{FAE04EC0-301F-11D3-BF4B-00C04F79EFBC}") = "DateTime2", "DateTime2\DateTime2.csproj", "{728830D6-3D1F-406A-96AF-D1F08BA9B29C}"
EndProject
Global
	GlobalSection(SolutionConfigurationPlatforms) = preSolution
		Debug|Any CPU = Debug|Any CPU
		Release|Any CPU = Release|Any CPU
	EndGlobalSection
	GlobalSection(ProjectConfigurationPlatforms) = postSolution
		{728830D6-3D1F-406A-96AF-D1F08BA9B29C}.Debug|Any CPU.ActiveCfg = Debug|Any CPU
		{728830D6-3D1F-406A-96AF-D1F08BA9B29C}.Debug|Any CPU.Build.0 = Debug|Any CPU
		{728830D6-3D1F-406A-96AF-D1F08BA9B29C}.Release|Any CPU.ActiveCfg = Release|Any CPU
		{728830D6-3D1F-406A-96AF-D1F08BA9B29C}.Release|Any CPU.Build.0 = Release|Any CPU
	EndGlobalSection
	GlobalSection(SolutionProperties) = preSolution
		HideSolutionNode = FALSE
	EndGlobalSection
	GlobalSection(ExtensibilityGlobals) = postSolution
		SolutionGuid = {3DA01564-2D7E-4682-807E-3F71655DD361}
	EndGlobalSection
EndGlobal
